# THIS IS AN AUTOGENERATED FILE. DO NOT EDIT THIS FILE DIRECTLY.
# yarn lockfile v1


"@ckeditor/ckeditor5-adapter-ckfinder@^34.2.0":
  "integrity" "sha512-KsEYApU2VCmUsF2Np5VD657dzrvMZTBUgbPAjedghmFvPidpbuhj/fyvdbafbbHMaBhF9uXFTucXqnR7wq4bRw=="
  "resolved" "https://registry.npmjs.org/@ckeditor/ckeditor5-adapter-ckfinder/-/ckeditor5-adapter-ckfinder-34.2.0.tgz"
  "version" "34.2.0"
  dependencies:
    "ckeditor5" "^34.2.0"

"@ckeditor/ckeditor5-autoformat@^34.2.0":
  "integrity" "sha512-751X2LplWs690MoNA97oXNEk/ZKWgO/iDXFM0peD2dN7X51pSG6Ats6WYAxrkVltCZB60ZbpQ7XEeCrbhxmrlw=="
  "resolved" "https://registry.npmjs.org/@ckeditor/ckeditor5-autoformat/-/ckeditor5-autoformat-34.2.0.tgz"
  "version" "34.2.0"
  dependencies:
    "ckeditor5" "^34.2.0"

"@ckeditor/ckeditor5-basic-styles@^34.2.0":
  "integrity" "sha512-tnfs5K17cY25DrAuFg6owJQYtZ/+cC9er7KfswL5DVWLZSkHHYnt3Yhx6zhhws4mnQf4ETxG9WKWq5JqXu/5lA=="
  "resolved" "https://registry.npmjs.org/@ckeditor/ckeditor5-basic-styles/-/ckeditor5-basic-styles-34.2.0.tgz"
  "version" "34.2.0"
  dependencies:
    "ckeditor5" "^34.2.0"

"@ckeditor/ckeditor5-block-quote@^34.2.0":
  "integrity" "sha512-W6ht+2eO/qV4lwEwV7tEWvNxXfj1HIia7GrSjT2z2gyUYLwhjZQDIc1x4ds6517znBgMfLiDU1tH3JzqBaFQqw=="
  "resolved" "https://registry.npmjs.org/@ckeditor/ckeditor5-block-quote/-/ckeditor5-block-quote-34.2.0.tgz"
  "version" "34.2.0"
  dependencies:
    "ckeditor5" "^34.2.0"

"@ckeditor/ckeditor5-build-classic@^34.2.0":
  "integrity" "sha512-nXpZWEkHPX0VgFaf1tk4EwcrvPD6MF7ZvRQDm9WdOp8LvMX/pRqvJFbXxKkqPEB4ROrpDKZ0NEs+IdkhiY92zg=="
  "resolved" "https://registry.npmjs.org/@ckeditor/ckeditor5-build-classic/-/ckeditor5-build-classic-34.2.0.tgz"
  "version" "34.2.0"
  dependencies:
    "@ckeditor/ckeditor5-adapter-ckfinder" "^34.2.0"
    "@ckeditor/ckeditor5-autoformat" "^34.2.0"
    "@ckeditor/ckeditor5-basic-styles" "^34.2.0"
    "@ckeditor/ckeditor5-block-quote" "^34.2.0"
    "@ckeditor/ckeditor5-ckbox" "^34.2.0"
    "@ckeditor/ckeditor5-ckfinder" "^34.2.0"
    "@ckeditor/ckeditor5-cloud-services" "^34.2.0"
    "@ckeditor/ckeditor5-easy-image" "^34.2.0"
    "@ckeditor/ckeditor5-editor-classic" "^34.2.0"
    "@ckeditor/ckeditor5-essentials" "^34.2.0"
    "@ckeditor/ckeditor5-heading" "^34.2.0"
    "@ckeditor/ckeditor5-image" "^34.2.0"
    "@ckeditor/ckeditor5-indent" "^34.2.0"
    "@ckeditor/ckeditor5-link" "^34.2.0"
    "@ckeditor/ckeditor5-list" "^34.2.0"
    "@ckeditor/ckeditor5-media-embed" "^34.2.0"
    "@ckeditor/ckeditor5-paragraph" "^34.2.0"
    "@ckeditor/ckeditor5-paste-from-office" "^34.2.0"
    "@ckeditor/ckeditor5-table" "^34.2.0"
    "@ckeditor/ckeditor5-typing" "^34.2.0"

"@ckeditor/ckeditor5-ckbox@^34.2.0":
  "integrity" "sha512-vjD/i5ya4KbjltjkHVXlNPMo6Gsgm/1Xg6ENdW3SGLmJm9So5M4QqhQZQPEPNISNd5Pu5OVyHmX/F0G/rFUqOA=="
  "resolved" "https://registry.npmjs.org/@ckeditor/ckeditor5-ckbox/-/ckeditor5-ckbox-34.2.0.tgz"
  "version" "34.2.0"
  dependencies:
    "ckeditor5" "^34.2.0"

"@ckeditor/ckeditor5-ckfinder@^34.2.0":
  "integrity" "sha512-zZfCxjcw+mJGGZaZAgmU8a1iwOsov2T/flT6AxZPVVyTXQlaAN4reQ3MH2K45E/2kSc04QNSfH7iSHubxtfFVA=="
  "resolved" "https://registry.npmjs.org/@ckeditor/ckeditor5-ckfinder/-/ckeditor5-ckfinder-34.2.0.tgz"
  "version" "34.2.0"
  dependencies:
    "ckeditor5" "^34.2.0"

"@ckeditor/ckeditor5-clipboard@^34.2.0":
  "integrity" "sha512-OcdFj9yT7C5yKPHtTKWvjGMJLpigrkdJN4AZhdJJPigiuYG0c5mnCuTvOYxp2kVijFWRjhPlwIyPVTtDZ0vnzw=="
  "resolved" "https://registry.npmjs.org/@ckeditor/ckeditor5-clipboard/-/ckeditor5-clipboard-34.2.0.tgz"
  "version" "34.2.0"
  dependencies:
    "@ckeditor/ckeditor5-core" "^34.2.0"
    "@ckeditor/ckeditor5-engine" "^34.2.0"
    "@ckeditor/ckeditor5-utils" "^34.2.0"
    "@ckeditor/ckeditor5-widget" "^34.2.0"
    "lodash-es" "^4.17.11"

"@ckeditor/ckeditor5-cloud-services@^34.2.0":
  "integrity" "sha512-4ePDTu9TKgQk1duby7Sp8kGct9TzWlZWnE/1IoG6sDUUUF3iVydrc7GlKC5hkB3BsnBChQS24kj8iUrrFFcGnw=="
  "resolved" "https://registry.npmjs.org/@ckeditor/ckeditor5-cloud-services/-/ckeditor5-cloud-services-34.2.0.tgz"
  "version" "34.2.0"
  dependencies:
    "ckeditor5" "^34.2.0"

"@ckeditor/ckeditor5-core@^34.2.0":
  "integrity" "sha512-6K0aToibRt28sCVYpMqdSKGvMifjwziqxLxyEh38CyDZJBUf7QPEAPlEpKAFTisHNEmC4471tr8UPpvNgqUXGA=="
  "resolved" "https://registry.npmjs.org/@ckeditor/ckeditor5-core/-/ckeditor5-core-34.2.0.tgz"
  "version" "34.2.0"
  dependencies:
    "@ckeditor/ckeditor5-engine" "^34.2.0"
    "@ckeditor/ckeditor5-ui" "^34.2.0"
    "@ckeditor/ckeditor5-utils" "^34.2.0"
    "lodash-es" "^4.17.15"

"@ckeditor/ckeditor5-easy-image@^34.2.0":
  "integrity" "sha512-0enLOsyy8cYAb85BA+TxZqg2sDWrup62Ph31dv97EBry0+XjvD5ViEhgpr15WoY/4B3HZZbxy4W+/zJz3GmO5w=="
  "resolved" "https://registry.npmjs.org/@ckeditor/ckeditor5-easy-image/-/ckeditor5-easy-image-34.2.0.tgz"
  "version" "34.2.0"
  dependencies:
    "ckeditor5" "^34.2.0"

"@ckeditor/ckeditor5-editor-classic@^34.2.0":
  "integrity" "sha512-/iNJixrnmiZOyLb85TkGeWsPMXeKpdsAIa7KX92AxIYhW08UpgFS+X7Cp17nZ7FBNM4nmFarUz7WbGvR0n51ew=="
  "resolved" "https://registry.npmjs.org/@ckeditor/ckeditor5-editor-classic/-/ckeditor5-editor-classic-34.2.0.tgz"
  "version" "34.2.0"
  dependencies:
    "ckeditor5" "^34.2.0"
    "lodash-es" "^4.17.15"

"@ckeditor/ckeditor5-engine@^34.2.0":
  "integrity" "sha512-9/i6TZ+Sy5T6hnuCtmeLTfwLSY8LaS7qFkW6gsM9NEB+LSSu930GP0Ss30Nw6dYo/JmYiQEpkiRJzKYIjrH8Pg=="
  "resolved" "https://registry.npmjs.org/@ckeditor/ckeditor5-engine/-/ckeditor5-engine-34.2.0.tgz"
  "version" "34.2.0"
  dependencies:
    "@ckeditor/ckeditor5-utils" "^34.2.0"
    "lodash-es" "^4.17.15"

"@ckeditor/ckeditor5-enter@^34.2.0":
  "integrity" "sha512-QxaT3jH0qsZaE0Egj1D19o6YBz/EJKs0am5ny5hDnd5sntvIUk9PNGEu/v3mRmNqZqrhRu4BuedvdRzYWseUjw=="
  "resolved" "https://registry.npmjs.org/@ckeditor/ckeditor5-enter/-/ckeditor5-enter-34.2.0.tgz"
  "version" "34.2.0"
  dependencies:
    "@ckeditor/ckeditor5-core" "^34.2.0"
    "@ckeditor/ckeditor5-engine" "^34.2.0"
    "@ckeditor/ckeditor5-utils" "^34.2.0"

"@ckeditor/ckeditor5-essentials@^34.2.0":
  "integrity" "sha512-1FID6r3CknWPdQQavT5U+OQ9+GwQQNI6hJNhWCfPxtvYhtR/SQp/MV+Lsn2e5Kt9VkCQkN7HdeYp5vumT84BZw=="
  "resolved" "https://registry.npmjs.org/@ckeditor/ckeditor5-essentials/-/ckeditor5-essentials-34.2.0.tgz"
  "version" "34.2.0"
  dependencies:
    "ckeditor5" "^34.2.0"

"@ckeditor/ckeditor5-heading@^34.2.0":
  "integrity" "sha512-I/0H06LvksVPW99g2uGb6vQUX/T7o9DAUF1dMcCC5SgSXsqDmO3pdC50uKwSeLaqUxUhVFF0mjBo0inQZVX9fQ=="
  "resolved" "https://registry.npmjs.org/@ckeditor/ckeditor5-heading/-/ckeditor5-heading-34.2.0.tgz"
  "version" "34.2.0"
  dependencies:
    "ckeditor5" "^34.2.0"

"@ckeditor/ckeditor5-image@^34.2.0":
  "integrity" "sha512-JY6uETyhIFjOk4kky6HrpNg8JFYVz0mU654qZ7o+a5J+L55cOIC8JDMA8VUa5Opn2XDwZb4Q91ArX1hIJSGRQA=="
  "resolved" "https://registry.npmjs.org/@ckeditor/ckeditor5-image/-/ckeditor5-image-34.2.0.tgz"
  "version" "34.2.0"
  dependencies:
    "@ckeditor/ckeditor5-ui" "^34.2.0"
    "ckeditor5" "^34.2.0"
    "lodash-es" "^4.17.15"

"@ckeditor/ckeditor5-indent@^34.2.0":
  "integrity" "sha512-6yGuUI06C6bTpNXvUXh5/AbmYoV0FvUW23wIsarml2SgdBi/NCFDHCJsFcJn33uRQgEuZHaO2ORhOe6yQfBBFQ=="
  "resolved" "https://registry.npmjs.org/@ckeditor/ckeditor5-indent/-/ckeditor5-indent-34.2.0.tgz"
  "version" "34.2.0"
  dependencies:
    "ckeditor5" "^34.2.0"

"@ckeditor/ckeditor5-link@^34.2.0":
  "integrity" "sha512-rqw2Pu3NY2VTE6hpeLoOnH2FOMRZLZgo2biWVitHR9upzv1x50PngJujoaWerTB4dHbWz+W2M1uc+UZADm/P1A=="
  "resolved" "https://registry.npmjs.org/@ckeditor/ckeditor5-link/-/ckeditor5-link-34.2.0.tgz"
  "version" "34.2.0"
  dependencies:
    "@ckeditor/ckeditor5-ui" "^34.2.0"
    "ckeditor5" "^34.2.0"
    "lodash-es" "^4.17.15"

"@ckeditor/ckeditor5-list@^34.2.0":
  "integrity" "sha512-mP/XlvFDDQL4PDKOZuFWPHtRikSPbx6vARh/2INTsa41AURN35O86hESTwMhz+ZqmTe4av1KRPZYtVhgS3xGeA=="
  "resolved" "https://registry.npmjs.org/@ckeditor/ckeditor5-list/-/ckeditor5-list-34.2.0.tgz"
  "version" "34.2.0"
  dependencies:
    "@ckeditor/ckeditor5-ui" "^34.2.0"
    "ckeditor5" "^34.2.0"

"@ckeditor/ckeditor5-media-embed@^34.2.0":
  "integrity" "sha512-XQxTAwtZ0Fe6eph+5equH8DGtcHMj6ktJ54g/aQKyC4UxHb5JFSQ8y9Ud0IQfH12lT1uyagDOnC8rY2AUKGBGA=="
  "resolved" "https://registry.npmjs.org/@ckeditor/ckeditor5-media-embed/-/ckeditor5-media-embed-34.2.0.tgz"
  "version" "34.2.0"
  dependencies:
    "@ckeditor/ckeditor5-ui" "^34.2.0"
    "ckeditor5" "^34.2.0"

"@ckeditor/ckeditor5-paragraph@^34.2.0":
  "integrity" "sha512-xcXUsXz3PY355gJ8u+y0qFLWcScYo0CZPZSbs5YwDz7g9lV8foVVzzdW7ITYwr5/YIpJsjjxYC+dDUqsH6EpBQ=="
  "resolved" "https://registry.npmjs.org/@ckeditor/ckeditor5-paragraph/-/ckeditor5-paragraph-34.2.0.tgz"
  "version" "34.2.0"
  dependencies:
    "@ckeditor/ckeditor5-core" "^34.2.0"
    "@ckeditor/ckeditor5-ui" "^34.2.0"
    "@ckeditor/ckeditor5-utils" "^34.2.0"

"@ckeditor/ckeditor5-paste-from-office@^34.2.0":
  "integrity" "sha512-NT3NYBeQqibswfj5w1WjvaXFk1XPMjiJZQKR8qoi5o5jH7bwmhlnsZM7cZdYgZHS8rX6JSLAtD6A1XRD3deRfQ=="
  "resolved" "https://registry.npmjs.org/@ckeditor/ckeditor5-paste-from-office/-/ckeditor5-paste-from-office-34.2.0.tgz"
  "version" "34.2.0"
  dependencies:
    "ckeditor5" "^34.2.0"

"@ckeditor/ckeditor5-select-all@^34.2.0":
  "integrity" "sha512-/Va85RwNlmpgQ7vWxiAFLyzXhXrWiA5Pde7yCNcc6hJpqnaGcqvscOJoZLMk5oASTvMnPhQIgNSMDN/oq6ej0Q=="
  "resolved" "https://registry.npmjs.org/@ckeditor/ckeditor5-select-all/-/ckeditor5-select-all-34.2.0.tgz"
  "version" "34.2.0"
  dependencies:
    "@ckeditor/ckeditor5-core" "^34.2.0"
    "@ckeditor/ckeditor5-ui" "^34.2.0"
    "@ckeditor/ckeditor5-utils" "^34.2.0"

"@ckeditor/ckeditor5-table@^34.2.0":
  "integrity" "sha512-ALJAldO7x+gvY7AeOg7j9PuG0ftQekkPTN3QvLHMqDFBfeRh76fK7xPGz+A42DeSFGIcMQ8IS9jpiT4PRKC7cw=="
  "resolved" "https://registry.npmjs.org/@ckeditor/ckeditor5-table/-/ckeditor5-table-34.2.0.tgz"
  "version" "34.2.0"
  dependencies:
    "ckeditor5" "^34.2.0"
    "lodash-es" "^4.17.15"

"@ckeditor/ckeditor5-typing@^34.2.0":
  "integrity" "sha512-Eq8mhb8M7RwUmeVUantN+PrqxDELXCvLCcpixy+ge/5lM8wxVcn/SonfUL9PLqs2eluRc4Bx+mstMQySglkVkw=="
  "resolved" "https://registry.npmjs.org/@ckeditor/ckeditor5-typing/-/ckeditor5-typing-34.2.0.tgz"
  "version" "34.2.0"
  dependencies:
    "@ckeditor/ckeditor5-core" "^34.2.0"
    "@ckeditor/ckeditor5-engine" "^34.2.0"
    "@ckeditor/ckeditor5-utils" "^34.2.0"
    "lodash-es" "^4.17.15"

"@ckeditor/ckeditor5-ui@^34.2.0":
  "integrity" "sha512-XL561G/e3b1YLGHNjLxS9IgoVn4BSugHmidEXYNUTMLATRCKld1XMUKFsB/wm3DwLBUfWn4d2j3qdcO2CnDuBg=="
  "resolved" "https://registry.npmjs.org/@ckeditor/ckeditor5-ui/-/ckeditor5-ui-34.2.0.tgz"
  "version" "34.2.0"
  dependencies:
    "@ckeditor/ckeditor5-core" "^34.2.0"
    "@ckeditor/ckeditor5-utils" "^34.2.0"
    "lodash-es" "^4.17.15"

"@ckeditor/ckeditor5-undo@^34.2.0":
  "integrity" "sha512-WW3f6ku36DpKhUxXACfNFm2DaKcJ2Rz0EFEkol0+offpOjltJnUEJ7LvfOthGdMvGz+5lmnySTbkvOvNruq1Ew=="
  "resolved" "https://registry.npmjs.org/@ckeditor/ckeditor5-undo/-/ckeditor5-undo-34.2.0.tgz"
  "version" "34.2.0"
  dependencies:
    "@ckeditor/ckeditor5-core" "^34.2.0"
    "@ckeditor/ckeditor5-engine" "^34.2.0"
    "@ckeditor/ckeditor5-ui" "^34.2.0"

"@ckeditor/ckeditor5-upload@^34.2.0":
  "integrity" "sha512-HBJr0/wFE+R13aIXRF/xJVQqo6Yh34EgbnrNYYhlNiHG40Vr6079eCuoZrnY3vwEsjtFNnTRQ433+RqxJ652zw=="
  "resolved" "https://registry.npmjs.org/@ckeditor/ckeditor5-upload/-/ckeditor5-upload-34.2.0.tgz"
  "version" "34.2.0"
  dependencies:
    "@ckeditor/ckeditor5-core" "^34.2.0"
    "@ckeditor/ckeditor5-ui" "^34.2.0"
    "@ckeditor/ckeditor5-utils" "^34.2.0"

"@ckeditor/ckeditor5-utils@^34.2.0":
  "integrity" "sha512-jHJV2S8DzmpVvd3jdercY6HsGRAwpm/MK79Rs/Mrc3NNYKzN9SVFs/NLbrELNoMZeJ1WKt5BwKgBY+PEOpfyLw=="
  "resolved" "https://registry.npmjs.org/@ckeditor/ckeditor5-utils/-/ckeditor5-utils-34.2.0.tgz"
  "version" "34.2.0"
  dependencies:
    "lodash-es" "^4.17.15"

"@ckeditor/ckeditor5-widget@^34.2.0":
  "integrity" "sha512-h2iF/RRK+GjvVHb6VY7+slnIV+IdWdLfZS83OECQNYp2e+6kN/JZp+PxiyYC4asPTraL43zJGzlgT53Jof77vw=="
  "resolved" "https://registry.npmjs.org/@ckeditor/ckeditor5-widget/-/ckeditor5-widget-34.2.0.tgz"
  "version" "34.2.0"
  dependencies:
    "@ckeditor/ckeditor5-core" "^34.2.0"
    "@ckeditor/ckeditor5-engine" "^34.2.0"
    "@ckeditor/ckeditor5-enter" "^34.2.0"
    "@ckeditor/ckeditor5-typing" "^34.2.0"
    "@ckeditor/ckeditor5-ui" "^34.2.0"
    "@ckeditor/ckeditor5-utils" "^34.2.0"
    "lodash-es" "^4.17.15"

"@popperjs/core@^2.11.5":
  "integrity" "sha512-9X2obfABZuDVLCgPK9aX0a/x4jaOEweTTWE2+9sr0Qqqevj2Uv5XorvusThmc9XGYpS9yI+fhh8RTafBtGposw=="
  "resolved" "https://registry.npmjs.org/@popperjs/core/-/core-2.11.5.tgz"
  "version" "2.11.5"

"axios@^0.25":
  "integrity" "sha512-cD8FOb0tRH3uuEe6+evtAbgJtfxr7ly3fQjYcMcuPlgkwVS9xboaVIpcDV+cYQe+yGykgwZCs1pzjntcGa6l5g=="
  "resolved" "https://registry.npmjs.org/axios/-/axios-0.25.0.tgz"
  "version" "0.25.0"
  dependencies:
    "follow-redirects" "^1.14.7"

"bootstrap@^5.1.3":
  "integrity" "sha512-qlnS9GL6YZE6Wnef46GxGv1UpGGzAwO0aPL1yOjzDIJpeApeMvqV24iL+pjr2kU4dduoBA9fINKWKgMToobx9A=="
  "resolved" "https://registry.npmjs.org/bootstrap/-/bootstrap-5.2.0.tgz"
  "version" "5.2.0"

"ckeditor5@^34.2.0":
  "integrity" "sha512-CxSMAzpN20HYZJQRw0AQJ/saLLXMz3qBywZOo0IKxVwwUE96PZudV08G/OjgciGrzQ/GjhpW/C+wdciMQ4cpzQ=="
  "resolved" "https://registry.npmjs.org/ckeditor5/-/ckeditor5-34.2.0.tgz"
  "version" "34.2.0"
  dependencies:
    "@ckeditor/ckeditor5-clipboard" "^34.2.0"
    "@ckeditor/ckeditor5-core" "^34.2.0"
    "@ckeditor/ckeditor5-engine" "^34.2.0"
    "@ckeditor/ckeditor5-enter" "^34.2.0"
    "@ckeditor/ckeditor5-paragraph" "^34.2.0"
    "@ckeditor/ckeditor5-select-all" "^34.2.0"
    "@ckeditor/ckeditor5-typing" "^34.2.0"
    "@ckeditor/ckeditor5-ui" "^34.2.0"
    "@ckeditor/ckeditor5-undo" "^34.2.0"
    "@ckeditor/ckeditor5-upload" "^34.2.0"
    "@ckeditor/ckeditor5-utils" "^34.2.0"
    "@ckeditor/ckeditor5-widget" "^34.2.0"

"esbuild-windows-64@0.14.49":
  "integrity" "sha512-+Cme7Ongv0UIUTniPqfTX6mJ8Deo7VXw9xN0yJEN1lQMHDppTNmKwAM3oGbD/Vqff+07K2gN0WfNkMohmG+dVw=="
  "resolved" "https://registry.npmjs.org/esbuild-windows-64/-/esbuild-windows-64-0.14.49.tgz"
  "version" "0.14.49"

"esbuild@^0.14.27":
  "integrity" "sha512-/TlVHhOaq7Yz8N1OJrjqM3Auzo5wjvHFLk+T8pIue+fhnhIMpfAzsG6PLVMbFveVxqD2WOp3QHei+52IMUNmCw=="
  "resolved" "https://registry.npmjs.org/esbuild/-/esbuild-0.14.49.tgz"
  "version" "0.14.49"
  optionalDependencies:
    "esbuild-android-64" "0.14.49"
    "esbuild-android-arm64" "0.14.49"
    "esbuild-darwin-64" "0.14.49"
    "esbuild-darwin-arm64" "0.14.49"
    "esbuild-freebsd-64" "0.14.49"
    "esbuild-freebsd-arm64" "0.14.49"
    "esbuild-linux-32" "0.14.49"
    "esbuild-linux-64" "0.14.49"
    "esbuild-linux-arm" "0.14.49"
    "esbuild-linux-arm64" "0.14.49"
    "esbuild-linux-mips64le" "0.14.49"
    "esbuild-linux-ppc64le" "0.14.49"
    "esbuild-linux-riscv64" "0.14.49"
    "esbuild-linux-s390x" "0.14.49"
    "esbuild-netbsd-64" "0.14.49"
    "esbuild-openbsd-64" "0.14.49"
    "esbuild-sunos-64" "0.14.49"
    "esbuild-windows-32" "0.14.49"
    "esbuild-windows-64" "0.14.49"
    "esbuild-windows-arm64" "0.14.49"

"follow-redirects@^1.14.7":
  "integrity" "sha512-yLAMQs+k0b2m7cVxpS1VKJVvoz7SS9Td1zss3XRwXj+ZDH00RJgnuLx7E44wx02kQLrdM3aOOy+FpzS7+8OizA=="
  "resolved" "https://registry.npmjs.org/follow-redirects/-/follow-redirects-1.15.1.tgz"
  "version" "1.15.1"

"function-bind@^1.1.1":
  "integrity" "sha512-yIovAzMX49sF8Yl58fSCWJ5svSLuaibPxXQJFLmBObTuCr0Mf1KiPopGM9NiFjiYBCbfaa2Fh6breQ6ANVTI0A=="
  "resolved" "https://registry.npmjs.org/function-bind/-/function-bind-1.1.1.tgz"
  "version" "1.1.1"

"has@^1.0.3":
  "integrity" "sha512-f2dvO0VU6Oej7RkWJGrehjbzMAjFp5/VKPp5tTpWIV4JHHZK1/BxbFRtf/siA2SWTe09caDmVtYYzWEIbBS4zw=="
  "resolved" "https://registry.npmjs.org/has/-/has-1.0.3.tgz"
  "version" "1.0.3"
  dependencies:
    "function-bind" "^1.1.1"

"is-core-module@^2.9.0":
  "integrity" "sha512-+5FPy5PnwmO3lvfMb0AsoPaBG+5KHUI0wYFXOtYPnVVVspTFUuMZNfNaNVRt3FZadstu2c8x23vykRW/NBoU6A=="
  "resolved" "https://registry.npmjs.org/is-core-module/-/is-core-module-2.9.0.tgz"
  "version" "2.9.0"
  dependencies:
    "has" "^1.0.3"

"laravel-vite-plugin@^0.2.1":
  "integrity" "sha512-tb5hZ3aZ/bjvQUAkAYSrq7b64ZyjTY/joegVzrMoV6xGZUGTHyglcNkaa2G7Wtu1j0hLIO64ETeryxWbScSfYA=="
  "resolved" "https://registry.npmjs.org/laravel-vite-plugin/-/laravel-vite-plugin-0.2.4.tgz"
  "version" "0.2.4"

"lodash-es@^4.17.11", "lodash-es@^4.17.15":
  "integrity" "sha512-mKnC+QJ9pWVzv+C4/U3rRsHapFfHvQFoFB92e52xeyGMcX6/OlIl78je1u8vePzYZSkkogMPJ2yjxxsb89cxyw=="
  "resolved" "https://registry.npmjs.org/lodash-es/-/lodash-es-4.17.21.tgz"
  "version" "4.17.21"

"lodash@^4.17.19":
  "integrity" "sha512-v2kDEe57lecTulaDIuNTPy3Ry4gLGJ6Z1O3vE1krgXZNrsQ+LFTGHVxVjcXPs17LhbZVGedAJv8XZ1tvj5FvSg=="
  "resolved" "https://registry.npmjs.org/lodash/-/lodash-4.17.21.tgz"
  "version" "4.17.21"

"nanoid@^3.3.4":
  "integrity" "sha512-MqBkQh/OHTS2egovRtLk45wEyNXwF+cokD+1YPf9u5VfJiRdAiRwB2froX5Co9Rh20xs4siNPm8naNotSD6RBw=="
  "resolved" "https://registry.npmjs.org/nanoid/-/nanoid-3.3.4.tgz"
  "version" "3.3.4"

"path-parse@^1.0.7":
  "integrity" "sha512-LDJzPVEEEPR+y48z93A0Ed0yXb8pAByGWo/k5YYdYgpY2/2EsOsksJrq7lOHxryrVOn1ejG6oAp8ahvOIQD8sw=="
  "resolved" "https://registry.npmjs.org/path-parse/-/path-parse-1.0.7.tgz"
  "version" "1.0.7"

"picocolors@^1.0.0":
  "integrity" "sha512-1fygroTLlHu66zi26VoTDv8yRgm0Fccecssto+MhsZ0D/DGW2sm8E8AjW7NU5VVTRt5GxbeZ5qBuJr+HyLYkjQ=="
  "resolved" "https://registry.npmjs.org/picocolors/-/picocolors-1.0.0.tgz"
  "version" "1.0.0"

"postcss@^8.1.14", "postcss@^8.4.13":
  "integrity" "sha512-E398TUmfAYFPBSdzgeieK2Y1+1cpdxJx8yXbK/m57nRhKSmk1GB2tO4lbLBtlkfPQTDKfe4Xqv1ASWPpayPEig=="
  "resolved" "https://registry.npmjs.org/postcss/-/postcss-8.4.14.tgz"
  "version" "8.4.14"
  dependencies:
    "nanoid" "^3.3.4"
    "picocolors" "^1.0.0"
    "source-map-js" "^1.0.2"

"resolve@^1.22.0":
  "integrity" "sha512-nBpuuYuY5jFsli/JIs1oldw6fOQCBioohqWZg/2hiaOybXOft4lonv85uDOKXdf8rhyK159cxU5cDcK/NKk8zw=="
  "resolved" "https://registry.npmjs.org/resolve/-/resolve-1.22.1.tgz"
  "version" "1.22.1"
  dependencies:
    "is-core-module" "^2.9.0"
    "path-parse" "^1.0.7"
    "supports-preserve-symlinks-flag" "^1.0.0"

"rollup@^2.59.0":
  "integrity" "sha512-9jwRIEY1jOzKLj3nsY/yot41r19ITdQrhs+q3ggNWhr9TQgduHqANvPpS32RNpzGklJu3G1AJfvlZLi/6wFgWA=="
  "resolved" "https://registry.npmjs.org/rollup/-/rollup-2.76.0.tgz"
  "version" "2.76.0"
  optionalDependencies:
    "fsevents" "~2.3.2"

"source-map-js@^1.0.2":
  "integrity" "sha512-R0XvVJ9WusLiqTCEiGCmICCMplcCkIwwR11mOSD9CR5u+IXYdiseeEuXCVAjS54zqwkLcPNnmU4OeJ6tUrWhDw=="
  "resolved" "https://registry.npmjs.org/source-map-js/-/source-map-js-1.0.2.tgz"
  "version" "1.0.2"

"supports-preserve-symlinks-flag@^1.0.0":
  "integrity" "sha512-ot0WnXS9fgdkgIcePe6RHNk1WA8+muPa6cSjeR3V8K27q9BB1rTE3R1p7Hv0z1ZyAc8s6Vvv8DIyWf681MAt0w=="
  "resolved" "https://registry.npmjs.org/supports-preserve-symlinks-flag/-/supports-preserve-symlinks-flag-1.0.0.tgz"
  "version" "1.0.0"

"vite@^2.9.11", "vite@^2.9.9":
  "integrity" "sha512-P/UCjSpSMcE54r4mPak55hWAZPlyfS369svib/gpmz8/01L822lMPOJ/RYW6tLCe1RPvMvOsJ17erf55bKp4Hw=="
  "resolved" "https://registry.npmjs.org/vite/-/vite-2.9.14.tgz"
  "version" "2.9.14"
  dependencies:
    "esbuild" "^0.14.27"
    "postcss" "^8.4.13"
    "resolve" "^1.22.0"
    "rollup" "^2.59.0"
  optionalDependencies:
    "fsevents" "~2.3.2"
